// !$*UTF8*$!
{
	archiveVersion = 1;
	classes = {
	};
	objectVersion = 46;
	objects = {

/* Begin PBXBuildFile section */
		D95F82231AE68F2700A0310E /* main.mm in Sources */ = {isa = PBXBuildFile; fileRef = D95F82221AE68F2700A0310E /* main.mm */; };
		D95F822E1AE68F2700A0310E /* Images.xcassets in Resources */ = {isa = PBXBuildFile; fileRef = D95F822D1AE68F2700A0310E /* Images.xcassets */; };
		D95F82311AE68F2700A0310E /* LaunchScreen.xib in Resources */ = {isa = PBXBuildFile; fileRef = D95F822F1AE68F2700A0310E /* LaunchScreen.xib */; };
		D95F838A1AE6E98F00A0310E /* libc++.dylib in Frameworks */ = {isa = PBXBuildFile; fileRef = D95F83891AE6E98F00A0310E /* libc++.dylib */; };
		D95F838C1AE6EC2C00A0310E /* JavaScriptCore.framework in Frameworks */ = {isa = PBXBuildFile; fileRef = D95F838B1AE6EC2C00A0310E /* JavaScriptCore.framework */; };
		D95F83901AE96C2700A0310E /* libHAL_ios.a in Frameworks */ = {isa = PBXBuildFile; fileRef = D95F838F1AE96C2700A0310E /* libHAL_ios.a */; };
/* End PBXBuildFile section */

/* Begin PBXFileReference section */
		D95F821D1AE68F2700A0310E /* testapp.app */ = {isa = PBXFileReference; explicitFileType = wrapper.application; includeInIndex = 0; path = testapp.app; sourceTree = BUILT_PRODUCTS_DIR; };
		D95F82211AE68F2700A0310E /* Info.plist */ = {isa = PBXFileReference; lastKnownFileType = text.plist.xml; path = Info.plist; sourceTree = "<group>"; };
		D95F82221AE68F2700A0310E /* main.mm */ = {isa = PBXFileReference; lastKnownFileType = sourcecode.cpp.objcpp; path = main.mm; sourceTree = "<group>"; };
		D95F822D1AE68F2700A0310E /* Images.xcassets */ = {isa = PBXFileReference; lastKnownFileType = folder.assetcatalog; path = Images.xcassets; sourceTree = "<group>"; };
		D95F82301AE68F2700A0310E /* Base */ = {isa = PBXFileReference; lastKnownFileType = file.xib; name = Base; path = Base.lproj/LaunchScreen.xib; sourceTree = "<group>"; };
		D95F823B1AE68F2700A0310E /* Info.plist */ = {isa = PBXFileReference; lastKnownFileType = text.plist.xml; path = Info.plist; sourceTree = "<group>"; };
		D95F823C1AE68F2700A0310E /* testappTests.m */ = {isa = PBXFileReference; lastKnownFileType = sourcecode.c.objc; path = testappTests.m; sourceTree = "<group>"; };
		D95F83891AE6E98F00A0310E /* libc++.dylib */ = {isa = PBXFileReference; lastKnownFileType = "compiled.mach-o.dylib"; name = "libc++.dylib"; path = "usr/lib/libc++.dylib"; sourceTree = SDKROOT; };
		D95F838B1AE6EC2C00A0310E /* JavaScriptCore.framework */ = {isa = PBXFileReference; lastKnownFileType = wrapper.framework; name = JavaScriptCore.framework; path = System/Library/Frameworks/JavaScriptCore.framework; sourceTree = SDKROOT; };
		D95F838F1AE96C2700A0310E /* libHAL_ios.a */ = {isa = PBXFileReference; lastKnownFileType = archive.ar; name = libHAL_ios.a; path = HAL/libHAL_ios.a; sourceTree = "<group>"; };
/* End PBXFileReference section */

/* Begin PBXFrameworksBuildPhase section */
		D95F821A1AE68F2700A0310E /* Frameworks */ = {
			isa = PBXFrameworksBuildPhase;
			buildActionMask = 2147483647;
			files = (
				D95F838C1AE6EC2C00A0310E /* JavaScriptCore.framework in Frameworks */,
				D95F838A1AE6E98F00A0310E /* libc++.dylib in Frameworks */,
				D95F83901AE96C2700A0310E /* libHAL_ios.a in Frameworks */,
			);
			runOnlyForDeploymentPostprocessing = 0;
		};
/* End PBXFrameworksBuildPhase section */

/* Begin PBXGroup section */
		D95F82141AE68F2700A0310E = {
			isa = PBXGroup;
			children = (
				D95F838B1AE6EC2C00A0310E /* JavaScriptCore.framework */,
				D95F83891AE6E98F00A0310E /* libc++.dylib */,
				D95F838F1AE96C2700A0310E /* libHAL_ios.a */,
				D95F821F1AE68F2700A0310E /* testapp */,
				D95F82391AE68F2700A0310E /* testappTests */,
				D95F821E1AE68F2700A0310E /* Products */,
			);
			sourceTree = "<group>";
		};
		D95F821E1AE68F2700A0310E /* Products */ = {
			isa = PBXGroup;
			children = (
				D95F821D1AE68F2700A0310E /* testapp.app */,
			);
			name = Products;
			sourceTree = "<group>";
		};
		D95F821F1AE68F2700A0310E /* testapp */ = {
			isa = PBXGroup;
			children = (
				D95F82221AE68F2700A0310E /* main.mm */,
				D95F822D1AE68F2700A0310E /* Images.xcassets */,
				D95F822F1AE68F2700A0310E /* LaunchScreen.xib */,
				D95F82201AE68F2700A0310E /* Supporting Files */,
			);
			path = testapp;
			sourceTree = "<group>";
		};
		D95F82201AE68F2700A0310E /* Supporting Files */ = {
			isa = PBXGroup;
			children = (
				D95F82211AE68F2700A0310E /* Info.plist */,
			);
			name = "Supporting Files";
			sourceTree = "<group>";
		};
		D95F82391AE68F2700A0310E /* testappTests */ = {
			isa = PBXGroup;
			children = (
				D95F823C1AE68F2700A0310E /* testappTests.m */,
				D95F823A1AE68F2700A0310E /* Supporting Files */,
			);
			path = testappTests;
			sourceTree = "<group>";
		};
		D95F823A1AE68F2700A0310E /* Supporting Files */ = {
			isa = PBXGroup;
			children = (
				D95F823B1AE68F2700A0310E /* Info.plist */,
			);
			name = "Supporting Files";
			sourceTree = "<group>";
		};
/* End PBXGroup section */

/* Begin PBXHeadersBuildPhase section */
		D95F82891AE6CA9100A0310E /* Headers */ = {
			isa = PBXHeadersBuildPhase;
			buildActionMask = 2147483647;
			files = (
			);
			runOnlyForDeploymentPostprocessing = 0;
		};
/* End PBXHeadersBuildPhase section */

/* Begin PBXNativeTarget section */
		D95F821C1AE68F2700A0310E /* testapp */ = {
			isa = PBXNativeTarget;
			buildConfigurationList = D95F82401AE68F2700A0310E /* Build configuration list for PBXNativeTarget "testapp" */;
			buildPhases = (
				D95F82191AE68F2700A0310E /* Sources */,
				D95F821A1AE68F2700A0310E /* Frameworks */,
				D95F821B1AE68F2700A0310E /* Resources */,
				D95F82891AE6CA9100A0310E /* Headers */,
			);
			buildRules = (
			);
			dependencies = (
			);
			name = testapp;
			productName = testapp;
			productReference = D95F821D1AE68F2700A0310E /* testapp.app */;
			productType = "com.apple.product-type.application";
		};
/* End PBXNativeTarget section */

/* Begin PBXProject section */
		D95F82151AE68F2700A0310E /* Project object */ = {
			isa = PBXProject;
			attributes = {
				LastUpgradeCheck = 0630;
				ORGANIZATIONNAME = Community;
				TargetAttributes = {
					D95F821C1AE68F2700A0310E = {
						CreatedOnToolsVersion = 6.3;
					};
				};
			};
			buildConfigurationList = D95F82181AE68F2700A0310E /* Build configuration list for PBXProject "testapp" */;
			compatibilityVersion = "Xcode 3.2";
			developmentRegion = English;
			hasScannedForEncodings = 0;
			knownRegions = (
				en,
				Base,
			);
			mainGroup = D95F82141AE68F2700A0310E;
			productRefGroup = D95F821E1AE68F2700A0310E /* Products */;
			projectDirPath = "";
			projectRoot = "";
			targets = (
				D95F821C1AE68F2700A0310E /* testapp */,
			);
		};
/* End PBXProject section */

/* Begin PBXResourcesBuildPhase section */
		D95F821B1AE68F2700A0310E /* Resources */ = {
			isa = PBXResourcesBuildPhase;
			buildActionMask = 2147483647;
			files = (
				D95F82311AE68F2700A0310E /* LaunchScreen.xib in Resources */,
				D95F822E1AE68F2700A0310E /* Images.xcassets in Resources */,
			);
			runOnlyForDeploymentPostprocessing = 0;
		};
/* End PBXResourcesBuildPhase section */

/* Begin PBXSourcesBuildPhase section */
		D95F82191AE68F2700A0310E /* Sources */ = {
			isa = PBXSourcesBuildPhase;
			buildActionMask = 2147483647;
			files = (
				D95F82231AE68F2700A0310E /* main.mm in Sources */,
			);
			runOnlyForDeploymentPostprocessing = 0;
		};
/* End PBXSourcesBuildPhase section */

/* Begin PBXVariantGroup section */
		D95F822F1AE68F2700A0310E /* LaunchScreen.xib */ = {
			isa = PBXVariantGroup;
			children = (
				D95F82301AE68F2700A0310E /* Base */,
			);
			name = LaunchScreen.xib;
			sourceTree = "<group>";
		};
/* End PBXVariantGroup section */

/* Begin XCBuildConfiguration section */
		D95F823E1AE68F2700A0310E /* Debug */ = {
			isa = XCBuildConfiguration;
			buildSettings = {
				ALWAYS_SEARCH_USER_PATHS = NO;
				ARCHS = armv7;
				CLANG_CXX_LANGUAGE_STANDARD = "c++0x";
				CLANG_CXX_LIBRARY = "libc++";
				CLANG_ENABLE_MODULES = YES;
				CLANG_ENABLE_OBJC_ARC = YES;
				CLANG_WARN_BOOL_CONVERSION = YES;
				CLANG_WARN_CONSTANT_CONVERSION = YES;
				CLANG_WARN_DIRECT_OBJC_ISA_USAGE = YES_ERROR;
				CLANG_WARN_EMPTY_BODY = YES;
				CLANG_WARN_ENUM_CONVERSION = YES;
				CLANG_WARN_INT_CONVERSION = YES;
				CLANG_WARN_OBJC_ROOT_CLASS = YES_ERROR;
				CLANG_WARN_UNREACHABLE_CODE = YES;
				CLANG_WARN__DUPLICATE_METHOD_MATCH = YES;
				"CODE_SIGN_IDENTITY[sdk=iphoneos*]" = "iPhone Developer";
				COPY_PHASE_STRIP = NO;
				DEBUG_INFORMATION_FORMAT = "dwarf-with-dsym";
				ENABLE_STRICT_OBJC_MSGSEND = YES;
				GCC_C_LANGUAGE_STANDARD = gnu99;
				GCC_DYNAMIC_NO_PIC = NO;
				GCC_NO_COMMON_BLOCKS = YES;
				GCC_OPTIMIZATION_LEVEL = 0;
				GCC_PREPROCESSOR_DEFINITIONS = (
					"DEBUG=1",
					"$(inherited)",
				);
				GCC_SYMBOLS_PRIVATE_EXTERN = NO;
				GCC_WARN_64_TO_32_BIT_CONVERSION = YES;
				GCC_WARN_ABOUT_RETURN_TYPE = YES_ERROR;
				GCC_WARN_UNDECLARED_SELECTOR = YES;
				GCC_WARN_UNINITIALIZED_AUTOS = YES_AGGRESSIVE;
				GCC_WARN_UNUSED_FUNCTION = YES;
				GCC_WARN_UNUSED_VARIABLE = YES;
				IPHONEOS_DEPLOYMENT_TARGET = 8.3;
				MTL_ENABLE_DEBUG_INFO = YES;
				ONLY_ACTIVE_ARCH = YES;
				OTHER_LDFLAGS = "-lc++";
				SDKROOT = iphoneos;
				TARGETED_DEVICE_FAMILY = "1,2";
				VALID_ARCHS = armv7;
			};
			name = Debug;
		};
		D95F823F1AE68F2700A0310E /* Release */ = {
			isa = XCBuildConfiguration;
			buildSettings = {
				ALWAYS_SEARCH_USER_PATHS = NO;
				ARCHS = armv7;
				CLANG_CXX_LANGUAGE_STANDARD = "c++0x";
				CLANG_CXX_LIBRARY = "libc++";
				CLANG_ENABLE_MODULES = YES;
				CLANG_ENABLE_OBJC_ARC = YES;
				CLANG_WARN_BOOL_CONVERSION = YES;
				CLANG_WARN_CONSTANT_CONVERSION = YES;
				CLANG_WARN_DIRECT_OBJC_ISA_USAGE = YES_ERROR;
				CLANG_WARN_EMPTY_BODY = YES;
				CLANG_WARN_ENUM_CONVERSION = YES;
				CLANG_WARN_INT_CONVERSION = YES;
				CLANG_WARN_OBJC_ROOT_CLASS = YES_ERROR;
				CLANG_WARN_UNREACHABLE_CODE = YES;
				CLANG_WARN__DUPLICATE_METHOD_MATCH = YES;
				"CODE_SIGN_IDENTITY[sdk=iphoneos*]" = "iPhone Developer";
				COPY_PHASE_STRIP = NO;
				DEBUG_INFORMATION_FORMAT = "dwarf-with-dsym";
				ENABLE_NS_ASSERTIONS = NO;
				ENABLE_STRICT_OBJC_MSGSEND = YES;
				GCC_C_LANGUAGE_STANDARD = gnu99;
				GCC_NO_COMMON_BLOCKS = YES;
				GCC_WARN_64_TO_32_BIT_CONVERSION = YES;
				GCC_WARN_ABOUT_RETURN_TYPE = YES_ERROR;
				GCC_WARN_UNDECLARED_SELECTOR = YES;
				GCC_WARN_UNINITIALIZED_AUTOS = YES_AGGRESSIVE;
				GCC_WARN_UNUSED_FUNCTION = YES;
				GCC_WARN_UNUSED_VARIABLE = YES;
				IPHONEOS_DEPLOYMENT_TARGET = 8.3;
				MTL_ENABLE_DEBUG_INFO = NO;
				OTHER_LDFLAGS = "-lc++";
				SDKROOT = iphoneos;
				TARGETED_DEVICE_FAMILY = "1,2";
				VALIDATE_PRODUCT = YES;
				VALID_ARCHS = armv7;
			};
			name = Release;
		};
		D95F82411AE68F2700A0310E /* Debug */ = {
			isa = XCBuildConfiguration;
			buildSettings = {
				ARCHS = "$(ARCHS_STANDARD)";
				ASSETCATALOG_COMPILER_APPICON_NAME = AppIcon;
				CLANG_CXX_LANGUAGE_STANDARD = "c++0x";
				CLANG_CXX_LIBRARY = "libc++";
				GCC_INPUT_FILETYPE = automatic;
				HEADER_SEARCH_PATHS = "$(PROJECT_DIR)/include";
				INFOPLIST_FILE = Info.plist;
				LD_RUNPATH_SEARCH_PATHS = "$(inherited) @executable_path/Frameworks";
				LIBRARY_SEARCH_PATHS = (
					"$(inherited)",
					"$(PROJECT_DIR)",
					"$(PROJECT_DIR)/HAL",
				);
				ONLY_ACTIVE_ARCH = YES;
				OTHER_LDFLAGS = (
					"-ObjC++",
					"-lc++",
				);
				PRODUCT_NAME = "$(TARGET_NAME)";
				VALID_ARCHS = "armv7 arm64";
			};
			name = Debug;
		};
		D95F82421AE68F2700A0310E /* Release */ = {
			isa = XCBuildConfiguration;
			buildSettings = {
				ARCHS = "$(ARCHS_STANDARD)";
				ASSETCATALOG_COMPILER_APPICON_NAME = AppIcon;
				CLANG_CXX_LANGUAGE_STANDARD = "c++0x";
				CLANG_CXX_LIBRARY = "libc++";
				GCC_INPUT_FILETYPE = automatic;
				HEADER_SEARCH_PATHS = "$(PROJECT_DIR)/include";
				INFOPLIST_FILE = Info.plist;
				LD_RUNPATH_SEARCH_PATHS = "$(inherited) @executable_path/Frameworks";
				LIBRARY_SEARCH_PATHS = (
					"$(inherited)",
					"$(PROJECT_DIR)",
					"$(PROJECT_DIR)/HAL",
				);
				ONLY_ACTIVE_ARCH = NO;
				OTHER_LDFLAGS = (
					"-ObjC++",
					"-lc++",
				);
				PRODUCT_NAME = "$(TARGET_NAME)";
				VALID_ARCHS = "armv7 arm64";
			};
			name = Release;
		};
/* End XCBuildConfiguration section */

/* Begin XCConfigurationList section */
		D95F82181AE68F2700A0310E /* Build configuration list for PBXProject "testapp" */ = {
			isa = XCConfigurationList;
			buildConfigurations = (
				D95F823E1AE68F2700A0310E /* Debug */,
				D95F823F1AE68F2700A0310E /* Release */,
			);
			defaultConfigurationIsVisible = 0;
			defaultConfigurationName = Release;
		};
		D95F82401AE68F2700A0310E /* Build configuration list for PBXNativeTarget "testapp" */ = {
			isa = XCConfigurationList;
			buildConfigurations = (
				D95F82411AE68F2700A0310E /* Debug */,
				D95F82421AE68F2700A0310E /* Release */,
			);
			defaultConfigurationIsVisible = 0;
			defaultConfigurationName = Release;
		};
/* End XCConfigurationList section */
	};
	rootObject = D95F82151AE68F2700A0310E /* Project object */;
}
